
Microsoft Visual Studio Solution File, Format Version 12.00
# Visual Studio Version 16
VisualStudioVersion = 16.0.32630.194
MinimumVisualStudioVersion = 10.0.40219.1
Project("{FAE04EC0-301F-11D3-BF4B-00C04F79EFBC}") = "Vue3 TS Sandbox", "Vue3 TS Sandbox\Vue3 TS Sandbox.csproj", "{73288202-A859-42B0-B220-D99804229FE5}"
EndProject
Global
	GlobalSection(SolutionConfigurationPlatforms) = preSolution
		Debug|Any CPU = Debug|Any CPU
		Release|Any CPU = Release|Any CPU
	EndGlobalSection
	GlobalSection(ProjectConfigurationPlatforms) = postSolution
		{73288202-A859-42B0-B220-D99804229FE5}.Debug|Any CPU.ActiveCfg = Debug|Any CPU
		{73288202-A859-42B0-B220-D99804229FE5}.Debug|Any CPU.Build.0 = Debug|Any CPU
		{73288202-A859-42B0-B220-D99804229FE5}.Release|Any CPU.ActiveCfg = Release|Any CPU
		{73288202-A859-42B0-B220-D99804229FE5}.Release|Any CPU.Build.0 = Release|Any CPU
	EndGlobalSection
	GlobalSection(SolutionProperties) = preSolution
		HideSolutionNode = FALSE
	EndGlobalSection
	GlobalSection(ExtensibilityGlobals) = postSolution
		SolutionGuid = {3A15C61E-4082-4509-AC3B-A7C4F1EB8E49}
	EndGlobalSection
EndGlobal
